
Microsoft Visual Studio Solution File, Format Version 12.00
# Visual Studio Version 17
VisualStudioVersion = 17.5.33424.131
MinimumVisualStudioVersion = 10.0.40219.1
Project("{FAE04EC0-301F-11D3-BF4B-00C04F79EFBC}") = "Vista", "Vista\Vista.csproj", "{1EC66B77-2355-410E-A640-E439EFF2DA34}"
EndProject
Project("{FAE04EC0-301F-11D3-BF4B-00C04F79EFBC}") = "BD", "BD\BD.csproj", "{13F70747-3E3A-4D95-8A42-3142DF48E0E6}"
EndProject
Project("{FAE04EC0-301F-11D3-BF4B-00C04F79EFBC}") = "Entidades", "Entidades\Entidades.csproj", "{78F7E582-4751-4A1C-9EDE-7C382CACADF5}"
EndProject
Global
	GlobalSection(SolutionConfigurationPlatforms) = preSolution
		Debug|Any CPU = Debug|Any CPU
		Release|Any CPU = Release|Any CPU
	EndGlobalSection
	GlobalSection(ProjectConfigurationPlatforms) = postSolution
		{1EC66B77-2355-410E-A640-E439EFF2DA34}.Debug|Any CPU.ActiveCfg = Debug|Any CPU
		{1EC66B77-2355-410E-A640-E439EFF2DA34}.Debug|Any CPU.Build.0 = Debug|Any CPU
		{1EC66B77-2355-410E-A640-E439EFF2DA34}.Release|Any CPU.ActiveCfg = Release|Any CPU
		{1EC66B77-2355-410E-A640-E439EFF2DA34}.Release|Any CPU.Build.0 = Release|Any CPU
		{13F70747-3E3A-4D95-8A42-3142DF48E0E6}.Debug|Any CPU.ActiveCfg = Debug|Any CPU
		{13F70747-3E3A-4D95-8A42-3142DF48E0E6}.Debug|Any CPU.Build.0 = Debug|Any CPU
		{13F70747-3E3A-4D95-8A42-3142DF48E0E6}.Release|Any CPU.ActiveCfg = Release|Any CPU
		{13F70747-3E3A-4D95-8A42-3142DF48E0E6}.Release|Any CPU.Build.0 = Release|Any CPU
		{78F7E582-4751-4A1C-9EDE-7C382CACADF5}.Debug|Any CPU.ActiveCfg = Debug|Any CPU
		{78F7E582-4751-4A1C-9EDE-7C382CACADF5}.Debug|Any CPU.Build.0 = Debug|Any CPU
		{78F7E582-4751-4A1C-9EDE-7C382CACADF5}.Release|Any CPU.ActiveCfg = Release|Any CPU
		{78F7E582-4751-4A1C-9EDE-7C382CACADF5}.Release|Any CPU.Build.0 = Release|Any CPU
	EndGlobalSection
	GlobalSection(SolutionProperties) = preSolution
		HideSolutionNode = FALSE
	EndGlobalSection
	GlobalSection(ExtensibilityGlobals) = postSolution
		SolutionGuid = {A1971798-027A-49AD-B394-B787FD70D300}
	EndGlobalSection
EndGlobal
